{
  "name": "homework",
  "version": "1.0.0",
  "lockfileVersion": 1,
  "requires": true,
  "dependencies": {
    "-": {
      "version": "0.0.1",
      "resolved": "https://registry.npm.taobao.org/-/download/--0.0.1.tgz",
      "integrity": "sha1-2223zYZhQogN0D5bh4HRtPrA5b0="
    },
    "@better-scroll/core": {
      "version": "2.0.6",
      "resolved": "https://registry.npm.taobao.org/@better-scroll/core/download/@better-scroll/core-2.0.6.tgz",
      "integrity": "sha1-Md9HURP2jBWic+s60O9yWz8taOY=",
      "requires": {
        "@better-scroll/shared-utils": "^2.0.6"
      }
    },
    "@better-scroll/mouse-wheel": {
      "version": "2.0.6",
      "resolved": "https://registry.npm.taobao.org/@better-scroll/mouse-wheel/download/@better-scroll/mouse-wheel-2.0.6.tgz",
      "integrity": "sha1-MsKIKcPzNXJuWetHKhVYbd11M2w=",
      "requires": {
        "@better-scroll/core": "^2.0.6"
      }
    },
    "@better-scroll/observe-dom": {
      "version": "2.0.6",
      "resolved": "https://registry.npm.taobao.org/@better-scroll/observe-dom/download/@better-scroll/observe-dom-2.0.6.tgz",
      "integrity": "sha1-E3qsXj7YzWo4B8cKBKbZSdz88Cw=",
      "requires": {
        "@better-scroll/core": "^2.0.6"
      }
    },
    "@better-scroll/pull-down": {
      "version": "2.0.6",
      "resolved": "https://registry.npm.taobao.org/@better-scroll/pull-down/download/@better-scroll/pull-down-2.0.6.tgz",
      "integrity": "sha1-1GTLiPNZLrHlTZCZU+5MVqfNxbY=",
      "requires": {
        "@better-scroll/core": "^2.0.6"
      }
    },
    "@better-scroll/pull-up": {
      "version": "2.0.6",
      "resolved": "https://registry.npm.taobao.org/@better-scroll/pull-up/download/@better-scroll/pull-up-2.0.6.tgz",
      "integrity": "sha1-XleG1YmkZxT4PoxMBolAF0nf2Y8=",
      "requires": {
        "@better-scroll/core": "^2.0.6"
      }
    },
    "@better-scroll/scroll-bar": {
      "version": "2.0.6",
      "resolved": "https://registry.npm.taobao.org/@better-scroll/scroll-bar/download/@better-scroll/scroll-bar-2.0.6.tgz",
      "integrity": "sha1-bTgXR0SkZY8xyVkdhqK7yw9asrw=",
      "requires": {
        "@better-scroll/core": "^2.0.6"
      }
    },
    "@better-scroll/shared-utils": {
      "version": "2.0.6",
      "resolved": "https://registry.npm.taobao.org/@better-scroll/shared-utils/download/@better-scroll/shared-utils-2.0.6.tgz",
      "integrity": "sha1-4QUf7akL30SEWr9iIDTZ/FjgPzM="
    },
    "@better-scroll/slide": {
      "version": "2.0.6",
      "resolved": "https://registry.npm.taobao.org/@better-scroll/slide/download/@better-scroll/slide-2.0.6.tgz",
      "integrity": "sha1-4ZkFp23tBNF7WlPQuhtPN8NOE4k=",
      "requires": {
        "@better-scroll/core": "^2.0.6"
      }
    },
    "@better-scroll/wheel": {
      "version": "2.0.6",
      "resolved": "https://registry.npm.taobao.org/@better-scroll/wheel/download/@better-scroll/wheel-2.0.6.tgz",
      "integrity": "sha1-PQNWD+/FRLdNxHSoUeWIDqB7dNI=",
      "requires": {
        "@better-scroll/core": "^2.0.6"
      }
    },
    "@better-scroll/zoom": {
      "version": "2.0.6",
      "resolved": "https://registry.npm.taobao.org/@better-scroll/zoom/download/@better-scroll/zoom-2.0.6.tgz",
      "integrity": "sha1-LubkGu6Zwefv0LFrSup7RvwDlzc=",
      "requires": {
        "@better-scroll/core": "^2.0.6"
      }
    },
    "better-scroll": {
      "version": "2.0.6",
      "resolved": "https://registry.npm.taobao.org/better-scroll/download/better-scroll-2.0.6.tgz",
      "integrity": "sha1-LSHUqnVsO4rrLT1uhMrUocIKuJY=",
      "requires": {
        "@better-scroll/core": "^2.0.6",
        "@better-scroll/mouse-wheel": "^2.0.6",
        "@better-scroll/observe-dom": "^2.0.6",
        "@better-scroll/pull-down": "^2.0.6",
        "@better-scroll/pull-up": "^2.0.6",
        "@better-scroll/scroll-bar": "^2.0.6",
        "@better-scroll/slide": "^2.0.6",
        "@better-scroll/wheel": "^2.0.6",
        "@better-scroll/zoom": "^2.0.6"
      }
    }
  }
}
