{
  "name": "learn-rectivity",
  "version": "1.0.0",
  "lockfileVersion": 1,
  "requires": true,
  "dependencies": {
    "@vue/reactivity": {
      "version": "3.0.2",
      "resolved": "https://registry.npm.taobao.org/@vue/reactivity/download/@vue/reactivity-3.0.2.tgz?cache=0&sync_timestamp=1606321041670&other_urls=https%3A%2F%2Fregistry.npm.taobao.org%2F%40vue%2Freactivity%2Fdownload%2F%40vue%2Freactivity-3.0.2.tgz",
      "integrity": "sha1-Qu1a9gJbSUpeabBRafzd8E7r/nc=",
      "requires": {
        "@vue/shared": "3.0.2"
      }
    },
    "@vue/shared": {
      "version": "3.0.2",
      "resolved": "https://registry.npm.taobao.org/@vue/shared/download/@vue/shared-3.0.2.tgz",
      "integrity": "sha1-QZvYWi69vU9Clj6YxaGxA0Uhdtk="
    }
  }
}
